
Microsoft Visual Studio Solution File, Format Version 12.00
# Visual Studio Version 17
VisualStudioVersion = 17.4.33205.214
MinimumVisualStudioVersion = 10.0.40219.1
Project("{FAE04EC0-301F-11D3-BF4B-00C04F79EFBC}") = "AbstractionPolymorphismP331", "AbstractionPolymorphismP331\AbstractionPolymorphismP331.csproj", "{70AF0066-A0C7-4634-9039-262ECFE5E12D}"
EndProject
Global
	GlobalSection(SolutionConfigurationPlatforms) = preSolution
		Debug|Any CPU = Debug|Any CPU
		Release|Any CPU = Release|Any CPU
	EndGlobalSection
	GlobalSection(ProjectConfigurationPlatforms) = postSolution
		{70AF0066-A0C7-4634-9039-262ECFE5E12D}.Debug|Any CPU.ActiveCfg = Debug|Any CPU
		{70AF0066-A0C7-4634-9039-262ECFE5E12D}.Debug|Any CPU.Build.0 = Debug|Any CPU
		{70AF0066-A0C7-4634-9039-262ECFE5E12D}.Release|Any CPU.ActiveCfg = Release|Any CPU
		{70AF0066-A0C7-4634-9039-262ECFE5E12D}.Release|Any CPU.Build.0 = Release|Any CPU
	EndGlobalSection
	GlobalSection(SolutionProperties) = preSolution
		HideSolutionNode = FALSE
	EndGlobalSection
	GlobalSection(ExtensibilityGlobals) = postSolution
		SolutionGuid = {0BED6D03-DCA9-42DE-AB07-200A782E1F9A}
	EndGlobalSection
EndGlobal
